
Microsoft Visual Studio Solution File, Format Version 12.00
# Visual Studio Version 17
VisualStudioVersion = 17.10.35013.160
MinimumVisualStudioVersion = 10.0.40219.1
Project("{FAE04EC0-301F-11D3-BF4B-00C04F79EFBC}") = "Mangsonguyen", "Mangsonguyen\Mangsonguyen.csproj", "{4E3AE272-8CEE-4804-A686-278004337FD1}"
EndProject
Global
	GlobalSection(SolutionConfigurationPlatforms) = preSolution
		Debug|Any CPU = Debug|Any CPU
		Release|Any CPU = Release|Any CPU
	EndGlobalSection
	GlobalSection(ProjectConfigurationPlatforms) = postSolution
		{4E3AE272-8CEE-4804-A686-278004337FD1}.Debug|Any CPU.ActiveCfg = Debug|Any CPU
		{4E3AE272-8CEE-4804-A686-278004337FD1}.Debug|Any CPU.Build.0 = Debug|Any CPU
		{4E3AE272-8CEE-4804-A686-278004337FD1}.Release|Any CPU.ActiveCfg = Release|Any CPU
		{4E3AE272-8CEE-4804-A686-278004337FD1}.Release|Any CPU.Build.0 = Release|Any CPU
	EndGlobalSection
	GlobalSection(SolutionProperties) = preSolution
		HideSolutionNode = FALSE
	EndGlobalSection
	GlobalSection(ExtensibilityGlobals) = postSolution
		SolutionGuid = {4B174ECA-F2BE-46F4-8E5D-1800018765F2}
	EndGlobalSection
EndGlobal
